
Microsoft Visual Studio Solution File, Format Version 12.00
# Visual Studio Version 17
VisualStudioVersion = 17.8.34408.163
MinimumVisualStudioVersion = 10.0.40219.1
Project("{2150E333-8FDC-42A3-9474-1A3956D46DE8}") = "Data", "Data", "{216CFE79-3DF9-4B66-AA3F-5AF1795F013B}"
EndProject
Project("{2150E333-8FDC-42A3-9474-1A3956D46DE8}") = "Web", "Web", "{E9026252-7CB4-4B4E-A8A7-3B74860590E8}"
EndProject
Project("{9A19103F-16F7-4668-BE54-9A1E7A4F7556}") = "BlazorBlog.Web", "src\BlazorBlog.Web\BlazorBlog.Web.csproj", "{AAA15DB6-2963-44A9-8755-67628FB287AD}"
EndProject
Project("{9A19103F-16F7-4668-BE54-9A1E7A4F7556}") = "BlazorBlog.JS", "src\BlazorBlog.JS\BlazorBlog.JS.csproj", "{D6C59E1B-0A0D-41E9-951D-1C0184E3C0CB}"
EndProject
Project("{9A19103F-16F7-4668-BE54-9A1E7A4F7556}") = "BlazorBlog.DataService", "src\BlazorBlog.DataService\BlazorBlog.DataService.csproj", "{78CF7272-301F-466B-AD3B-5138AA27B2B8}"
EndProject
Project("{9A19103F-16F7-4668-BE54-9A1E7A4F7556}") = "BlazorBlog.Pub", "src\BlazorBlog.Pub\BlazorBlog.Pub.csproj", "{AEE6F4C7-A27A-4C61-AFD2-139666FBACF4}"
EndProject
Project("{2150E333-8FDC-42A3-9474-1A3956D46DE8}") = "Pub", "Pub", "{4810B275-C691-4B93-9DFA-38DA448574FF}"
EndProject
Project("{2150E333-8FDC-42A3-9474-1A3956D46DE8}") = "UI", "UI", "{8BD57FFD-0A9B-4B81-A806-8E8598E14CCB}"
EndProject
Project("{9A19103F-16F7-4668-BE54-9A1E7A4F7556}") = "BlazorBlog.UI", "src\BlazorBlog.UI\BlazorBlog.UI.csproj", "{0B395C49-A59B-4B2B-9EBB-5C97D7A6947B}"
EndProject
Project("{9A19103F-16F7-4668-BE54-9A1E7A4F7556}") = "BlazorBlog.Web.Layout", "src\BlazorBlog.Web.Layout\BlazorBlog.Web.Layout.csproj", "{FE368583-E08F-4DE4-BDE7-04195B171328}"
EndProject
Project("{9A19103F-16F7-4668-BE54-9A1E7A4F7556}") = "BlazorBlog.PubConsole", "src\BlazorBlog.PubConsole\BlazorBlog.PubConsole.csproj", "{AA9EF793-D8A4-414E-BF4A-57982B62EC8C}"
EndProject
Global
	GlobalSection(SolutionConfigurationPlatforms) = preSolution
		Debug|Any CPU = Debug|Any CPU
		Release|Any CPU = Release|Any CPU
	EndGlobalSection
	GlobalSection(ProjectConfigurationPlatforms) = postSolution
		{AAA15DB6-2963-44A9-8755-67628FB287AD}.Debug|Any CPU.ActiveCfg = Debug|Any CPU
		{AAA15DB6-2963-44A9-8755-67628FB287AD}.Debug|Any CPU.Build.0 = Debug|Any CPU
		{AAA15DB6-2963-44A9-8755-67628FB287AD}.Release|Any CPU.ActiveCfg = Release|Any CPU
		{AAA15DB6-2963-44A9-8755-67628FB287AD}.Release|Any CPU.Build.0 = Release|Any CPU
		{D6C59E1B-0A0D-41E9-951D-1C0184E3C0CB}.Debug|Any CPU.ActiveCfg = Debug|Any CPU
		{D6C59E1B-0A0D-41E9-951D-1C0184E3C0CB}.Debug|Any CPU.Build.0 = Debug|Any CPU
		{D6C59E1B-0A0D-41E9-951D-1C0184E3C0CB}.Release|Any CPU.ActiveCfg = Release|Any CPU
		{D6C59E1B-0A0D-41E9-951D-1C0184E3C0CB}.Release|Any CPU.Build.0 = Release|Any CPU
		{78CF7272-301F-466B-AD3B-5138AA27B2B8}.Debug|Any CPU.ActiveCfg = Debug|Any CPU
		{78CF7272-301F-466B-AD3B-5138AA27B2B8}.Debug|Any CPU.Build.0 = Debug|Any CPU
		{78CF7272-301F-466B-AD3B-5138AA27B2B8}.Release|Any CPU.ActiveCfg = Release|Any CPU
		{78CF7272-301F-466B-AD3B-5138AA27B2B8}.Release|Any CPU.Build.0 = Release|Any CPU
		{AEE6F4C7-A27A-4C61-AFD2-139666FBACF4}.Debug|Any CPU.ActiveCfg = Debug|Any CPU
		{AEE6F4C7-A27A-4C61-AFD2-139666FBACF4}.Debug|Any CPU.Build.0 = Debug|Any CPU
		{AEE6F4C7-A27A-4C61-AFD2-139666FBACF4}.Release|Any CPU.ActiveCfg = Release|Any CPU
		{AEE6F4C7-A27A-4C61-AFD2-139666FBACF4}.Release|Any CPU.Build.0 = Release|Any CPU
		{0B395C49-A59B-4B2B-9EBB-5C97D7A6947B}.Debug|Any CPU.ActiveCfg = Debug|Any CPU
		{0B395C49-A59B-4B2B-9EBB-5C97D7A6947B}.Debug|Any CPU.Build.0 = Debug|Any CPU
		{0B395C49-A59B-4B2B-9EBB-5C97D7A6947B}.Release|Any CPU.ActiveCfg = Release|Any CPU
		{0B395C49-A59B-4B2B-9EBB-5C97D7A6947B}.Release|Any CPU.Build.0 = Release|Any CPU
		{FE368583-E08F-4DE4-BDE7-04195B171328}.Debug|Any CPU.ActiveCfg = Debug|Any CPU
		{FE368583-E08F-4DE4-BDE7-04195B171328}.Debug|Any CPU.Build.0 = Debug|Any CPU
		{FE368583-E08F-4DE4-BDE7-04195B171328}.Release|Any CPU.ActiveCfg = Release|Any CPU
		{FE368583-E08F-4DE4-BDE7-04195B171328}.Release|Any CPU.Build.0 = Release|Any CPU
		{AA9EF793-D8A4-414E-BF4A-57982B62EC8C}.Debug|Any CPU.ActiveCfg = Debug|Any CPU
		{AA9EF793-D8A4-414E-BF4A-57982B62EC8C}.Debug|Any CPU.Build.0 = Debug|Any CPU
		{AA9EF793-D8A4-414E-BF4A-57982B62EC8C}.Release|Any CPU.ActiveCfg = Release|Any CPU
		{AA9EF793-D8A4-414E-BF4A-57982B62EC8C}.Release|Any CPU.Build.0 = Release|Any CPU
	EndGlobalSection
	GlobalSection(SolutionProperties) = preSolution
		HideSolutionNode = FALSE
	EndGlobalSection
	GlobalSection(NestedProjects) = preSolution
		{AAA15DB6-2963-44A9-8755-67628FB287AD} = {E9026252-7CB4-4B4E-A8A7-3B74860590E8}
		{D6C59E1B-0A0D-41E9-951D-1C0184E3C0CB} = {8BD57FFD-0A9B-4B81-A806-8E8598E14CCB}
		{78CF7272-301F-466B-AD3B-5138AA27B2B8} = {216CFE79-3DF9-4B66-AA3F-5AF1795F013B}
		{AEE6F4C7-A27A-4C61-AFD2-139666FBACF4} = {4810B275-C691-4B93-9DFA-38DA448574FF}
		{0B395C49-A59B-4B2B-9EBB-5C97D7A6947B} = {8BD57FFD-0A9B-4B81-A806-8E8598E14CCB}
		{FE368583-E08F-4DE4-BDE7-04195B171328} = {E9026252-7CB4-4B4E-A8A7-3B74860590E8}
		{AA9EF793-D8A4-414E-BF4A-57982B62EC8C} = {4810B275-C691-4B93-9DFA-38DA448574FF}
	EndGlobalSection
	GlobalSection(ExtensibilityGlobals) = postSolution
		SolutionGuid = {1B4D8A54-5BBD-419C-B8CB-671238192A47}
	EndGlobalSection
EndGlobal
